
Microsoft Visual Studio Solution File, Format Version 12.00
# Visual Studio Version 17
VisualStudioVersion = 17.9.34622.214
MinimumVisualStudioVersion = 10.0.40219.1
Project("{FAE04EC0-301F-11D3-BF4B-00C04F79EFBC}") = "CrudMVC", "CrudMVC\CrudMVC.csproj", "{E503A66B-F766-46CC-B8B0-69AE3C0C3D53}"
EndProject
Global
	GlobalSection(SolutionConfigurationPlatforms) = preSolution
		Debug|Any CPU = Debug|Any CPU
		Release|Any CPU = Release|Any CPU
	EndGlobalSection
	GlobalSection(ProjectConfigurationPlatforms) = postSolution
		{E503A66B-F766-46CC-B8B0-69AE3C0C3D53}.Debug|Any CPU.ActiveCfg = Debug|Any CPU
		{E503A66B-F766-46CC-B8B0-69AE3C0C3D53}.Debug|Any CPU.Build.0 = Debug|Any CPU
		{E503A66B-F766-46CC-B8B0-69AE3C0C3D53}.Release|Any CPU.ActiveCfg = Release|Any CPU
		{E503A66B-F766-46CC-B8B0-69AE3C0C3D53}.Release|Any CPU.Build.0 = Release|Any CPU
	EndGlobalSection
	GlobalSection(SolutionProperties) = preSolution
		HideSolutionNode = FALSE
	EndGlobalSection
	GlobalSection(ExtensibilityGlobals) = postSolution
		SolutionGuid = {6D8607DC-9E9B-48E7-842D-F467C2805675}
	EndGlobalSection
EndGlobal
